
Microsoft Visual Studio Solution File, Format Version 12.00
# Visual Studio for Mac
Project("{FAE04EC0-301F-11D3-BF4B-00C04F79EFBC}") = "Assembly-CSharp", "Assembly-CSharp.csproj", "{30BD67F6-AF93-A3F0-261B-B3FCE34F5BE2}"
EndProject
Project("{FAE04EC0-301F-11D3-BF4B-00C04F79EFBC}") = "MacBLAS", "MacBLAS.csproj", "{776CADC0-3311-0AF1-D5AE-712F71094868}"
EndProject
Project("{FAE04EC0-301F-11D3-BF4B-00C04F79EFBC}") = "iOSBLAS", "iOSBLAS.csproj", "{CA18A80C-4864-729F-392B-B41671E456EE}"
EndProject
Project("{FAE04EC0-301F-11D3-BF4B-00C04F79EFBC}") = "Assembly-CSharp-Editor", "Assembly-CSharp-Editor.csproj", "{4EE7942E-DD55-74AF-25B2-D47F6CC2D2D7}"
EndProject
Global
	GlobalSection(SolutionConfigurationPlatforms) = preSolution
		Debug|Any CPU = Debug|Any CPU
		Release|Any CPU = Release|Any CPU
	EndGlobalSection
	GlobalSection(ProjectConfigurationPlatforms) = postSolution
		{30BD67F6-AF93-A3F0-261B-B3FCE34F5BE2}.Debug|Any CPU.ActiveCfg = Debug|Any CPU
		{30BD67F6-AF93-A3F0-261B-B3FCE34F5BE2}.Debug|Any CPU.Build.0 = Debug|Any CPU
		{30BD67F6-AF93-A3F0-261B-B3FCE34F5BE2}.Release|Any CPU.ActiveCfg = Release|Any CPU
		{30BD67F6-AF93-A3F0-261B-B3FCE34F5BE2}.Release|Any CPU.Build.0 = Release|Any CPU
		{776CADC0-3311-0AF1-D5AE-712F71094868}.Debug|Any CPU.ActiveCfg = Debug|Any CPU
		{776CADC0-3311-0AF1-D5AE-712F71094868}.Debug|Any CPU.Build.0 = Debug|Any CPU
		{776CADC0-3311-0AF1-D5AE-712F71094868}.Release|Any CPU.ActiveCfg = Release|Any CPU
		{776CADC0-3311-0AF1-D5AE-712F71094868}.Release|Any CPU.Build.0 = Release|Any CPU
		{CA18A80C-4864-729F-392B-B41671E456EE}.Debug|Any CPU.ActiveCfg = Debug|Any CPU
		{CA18A80C-4864-729F-392B-B41671E456EE}.Debug|Any CPU.Build.0 = Debug|Any CPU
		{CA18A80C-4864-729F-392B-B41671E456EE}.Release|Any CPU.ActiveCfg = Release|Any CPU
		{CA18A80C-4864-729F-392B-B41671E456EE}.Release|Any CPU.Build.0 = Release|Any CPU
		{4EE7942E-DD55-74AF-25B2-D47F6CC2D2D7}.Debug|Any CPU.ActiveCfg = Debug|Any CPU
		{4EE7942E-DD55-74AF-25B2-D47F6CC2D2D7}.Debug|Any CPU.Build.0 = Debug|Any CPU
		{4EE7942E-DD55-74AF-25B2-D47F6CC2D2D7}.Release|Any CPU.ActiveCfg = Release|Any CPU
		{4EE7942E-DD55-74AF-25B2-D47F6CC2D2D7}.Release|Any CPU.Build.0 = Release|Any CPU
	EndGlobalSection
	GlobalSection(SolutionProperties) = preSolution
		HideSolutionNode = FALSE
	EndGlobalSection
EndGlobal
